
Microsoft Visual Studio Solution File, Format Version 12.00
# Visual Studio 14
VisualStudioVersion = 14.0.25420.1
MinimumVisualStudioVersion = 10.0.40219.1
Project("{8BC9CEB8-8B4A-11D0-8D11-00A0C91BC942}") = "Frontier", "Terrain\Terrain.vcxproj", "{A1163D2D-59A7-4B3E-9DBE-5DFE09E0A7F2}"
EndProject
Project("{FAE04EC0-301F-11D3-BF4B-00C04F79EFBC}") = "FrontierSharp", "FrontierSharp\FrontierSharp.csproj", "{965B6670-39EF-4FD1-A895-8BA8BB5E46EA}"
EndProject
Project("{2150E333-8FDC-42A3-9474-1A3956D46DE8}") = "FrontierSharp", "FrontierSharp", "{54C77D01-626C-4E5D-ABDE-D5C235E8C051}"
EndProject
Project("{FAE04EC0-301F-11D3-BF4B-00C04F79EFBC}") = "Particles", "Particles\Particles.csproj", "{7DD75DA0-F018-42D6-BF27-344CFB8DEB85}"
EndProject
Project("{FAE04EC0-301F-11D3-BF4B-00C04F79EFBC}") = "Interfaces", "Interfaces\Interfaces.csproj", "{889072AD-5C8D-47D9-8FEC-05A9EC728BE8}"
EndProject
Global
	GlobalSection(SolutionConfigurationPlatforms) = preSolution
		Debug|Any CPU = Debug|Any CPU
		Debug|Win32 = Debug|Win32
		Release|Any CPU = Release|Any CPU
		Release|Win32 = Release|Win32
	EndGlobalSection
	GlobalSection(ProjectConfigurationPlatforms) = postSolution
		{A1163D2D-59A7-4B3E-9DBE-5DFE09E0A7F2}.Debug|Any CPU.ActiveCfg = Debug|Win32
		{A1163D2D-59A7-4B3E-9DBE-5DFE09E0A7F2}.Debug|Win32.ActiveCfg = Debug|Win32
		{A1163D2D-59A7-4B3E-9DBE-5DFE09E0A7F2}.Debug|Win32.Build.0 = Debug|Win32
		{A1163D2D-59A7-4B3E-9DBE-5DFE09E0A7F2}.Release|Any CPU.ActiveCfg = Release|Win32
		{A1163D2D-59A7-4B3E-9DBE-5DFE09E0A7F2}.Release|Win32.ActiveCfg = Release|Win32
		{A1163D2D-59A7-4B3E-9DBE-5DFE09E0A7F2}.Release|Win32.Build.0 = Release|Win32
		{965B6670-39EF-4FD1-A895-8BA8BB5E46EA}.Debug|Any CPU.ActiveCfg = Debug|Any CPU
		{965B6670-39EF-4FD1-A895-8BA8BB5E46EA}.Debug|Any CPU.Build.0 = Debug|Any CPU
		{965B6670-39EF-4FD1-A895-8BA8BB5E46EA}.Debug|Win32.ActiveCfg = Debug|Any CPU
		{965B6670-39EF-4FD1-A895-8BA8BB5E46EA}.Debug|Win32.Build.0 = Debug|Any CPU
		{965B6670-39EF-4FD1-A895-8BA8BB5E46EA}.Release|Any CPU.ActiveCfg = Release|Any CPU
		{965B6670-39EF-4FD1-A895-8BA8BB5E46EA}.Release|Any CPU.Build.0 = Release|Any CPU
		{965B6670-39EF-4FD1-A895-8BA8BB5E46EA}.Release|Win32.ActiveCfg = Release|Any CPU
		{965B6670-39EF-4FD1-A895-8BA8BB5E46EA}.Release|Win32.Build.0 = Release|Any CPU
		{7DD75DA0-F018-42D6-BF27-344CFB8DEB85}.Debug|Any CPU.ActiveCfg = Debug|Any CPU
		{7DD75DA0-F018-42D6-BF27-344CFB8DEB85}.Debug|Any CPU.Build.0 = Debug|Any CPU
		{7DD75DA0-F018-42D6-BF27-344CFB8DEB85}.Debug|Win32.ActiveCfg = Debug|Any CPU
		{7DD75DA0-F018-42D6-BF27-344CFB8DEB85}.Debug|Win32.Build.0 = Debug|Any CPU
		{7DD75DA0-F018-42D6-BF27-344CFB8DEB85}.Release|Any CPU.ActiveCfg = Release|Any CPU
		{7DD75DA0-F018-42D6-BF27-344CFB8DEB85}.Release|Any CPU.Build.0 = Release|Any CPU
		{7DD75DA0-F018-42D6-BF27-344CFB8DEB85}.Release|Win32.ActiveCfg = Release|Any CPU
		{7DD75DA0-F018-42D6-BF27-344CFB8DEB85}.Release|Win32.Build.0 = Release|Any CPU
		{889072AD-5C8D-47D9-8FEC-05A9EC728BE8}.Debug|Any CPU.ActiveCfg = Debug|Any CPU
		{889072AD-5C8D-47D9-8FEC-05A9EC728BE8}.Debug|Any CPU.Build.0 = Debug|Any CPU
		{889072AD-5C8D-47D9-8FEC-05A9EC728BE8}.Debug|Win32.ActiveCfg = Debug|Any CPU
		{889072AD-5C8D-47D9-8FEC-05A9EC728BE8}.Debug|Win32.Build.0 = Debug|Any CPU
		{889072AD-5C8D-47D9-8FEC-05A9EC728BE8}.Release|Any CPU.ActiveCfg = Release|Any CPU
		{889072AD-5C8D-47D9-8FEC-05A9EC728BE8}.Release|Any CPU.Build.0 = Release|Any CPU
		{889072AD-5C8D-47D9-8FEC-05A9EC728BE8}.Release|Win32.ActiveCfg = Release|Any CPU
		{889072AD-5C8D-47D9-8FEC-05A9EC728BE8}.Release|Win32.Build.0 = Release|Any CPU
	EndGlobalSection
	GlobalSection(SolutionProperties) = preSolution
		HideSolutionNode = FALSE
	EndGlobalSection
	GlobalSection(NestedProjects) = preSolution
		{965B6670-39EF-4FD1-A895-8BA8BB5E46EA} = {54C77D01-626C-4E5D-ABDE-D5C235E8C051}
		{7DD75DA0-F018-42D6-BF27-344CFB8DEB85} = {54C77D01-626C-4E5D-ABDE-D5C235E8C051}
		{889072AD-5C8D-47D9-8FEC-05A9EC728BE8} = {54C77D01-626C-4E5D-ABDE-D5C235E8C051}
	EndGlobalSection
EndGlobal
