
Microsoft Visual Studio Solution File, Format Version 12.00
# Visual Studio 15
VisualStudioVersion = 15.0.27428.2005
MinimumVisualStudioVersion = 10.0.40219.1
Project("{8BC9CEB8-8B4A-11D0-8D11-00A0C91BC942}") = "Frontier", "Terrain\Terrain.vcxproj", "{A1163D2D-59A7-4B3E-9DBE-5DFE09E0A7F2}"
EndProject
Project("{FAE04EC0-301F-11D3-BF4B-00C04F79EFBC}") = "FrontierSharp", "FrontierSharp\FrontierSharp.csproj", "{965B6670-39EF-4FD1-A895-8BA8BB5E46EA}"
EndProject
Project("{2150E333-8FDC-42A3-9474-1A3956D46DE8}") = "FrontierSharp", "FrontierSharp", "{54C77D01-626C-4E5D-ABDE-D5C235E8C051}"
EndProject
Project("{FAE04EC0-301F-11D3-BF4B-00C04F79EFBC}") = "Particles", "Particles\Particles.csproj", "{7DD75DA0-F018-42D6-BF27-344CFB8DEB85}"
EndProject
Project("{FAE04EC0-301F-11D3-BF4B-00C04F79EFBC}") = "Common", "Common\Common.csproj", "{889072AD-5C8D-47D9-8FEC-05A9EC728BE8}"
EndProject
Project("{FAE04EC0-301F-11D3-BF4B-00C04F79EFBC}") = "Renderer", "Renderer\Renderer.csproj", "{F340B706-735D-42A1-8725-77C9D3ECDDD0}"
EndProject
Project("{FAE04EC0-301F-11D3-BF4B-00C04F79EFBC}") = "Environment", "Environment\Environment.csproj", "{E7E8ACA7-7647-4CDB-8167-7F88951E0D1F}"
EndProject
Project("{FAE04EC0-301F-11D3-BF4B-00C04F79EFBC}") = "Properties", "Properties\Properties.csproj", "{0D73456A-0969-4FF6-96A2-9435074B9EB8}"
EndProject
Project("{FAE04EC0-301F-11D3-BF4B-00C04F79EFBC}") = "World", "World\World.csproj", "{312819A2-8006-477F-8C01-110E0F0BA40D}"
EndProject
Project("{FAE04EC0-301F-11D3-BF4B-00C04F79EFBC}") = "Scene", "Scene\Scene.csproj", "{3FBB802C-4BB1-43CE-AA2A-AA4AC993312B}"
EndProject
Project("{FAE04EC0-301F-11D3-BF4B-00C04F79EFBC}") = "Avatar", "Avatar\Avatar.csproj", "{690E5640-15E7-4EB0-8189-4735ED9D0D92}"
EndProject
Project("{FAE04EC0-301F-11D3-BF4B-00C04F79EFBC}") = "Animation", "Animation\Animation.csproj", "{808790F8-6668-4E82-A1E8-58D2E3E86B95}"
EndProject
Project("{FAE04EC0-301F-11D3-BF4B-00C04F79EFBC}") = "Textures", "Textures\Textures.csproj", "{7506EC32-6C01-46D1-A5F5-9D7632ED9150}"
EndProject
Project("{FAE04EC0-301F-11D3-BF4B-00C04F79EFBC}") = "Game", "Game\Game.csproj", "{C9FEFB99-9F98-4936-8A87-80FDFB21D97B}"
EndProject
Project("{FAE04EC0-301F-11D3-BF4B-00C04F79EFBC}") = "Region", "Region\Region.csproj", "{F111EC33-2056-4692-A51B-75A6D61036BB}"
EndProject
Project("{FAE04EC0-301F-11D3-BF4B-00C04F79EFBC}") = "Cache", "Cache\Cache.csproj", "{1206EFA4-A726-4B8F-B1F3-4C98B6C4A9B3}"
EndProject
Project("{FAE04EC0-301F-11D3-BF4B-00C04F79EFBC}") = "Console", "Console\Console.csproj", "{6BAC02D6-267C-454F-9486-9FF79D302F48}"
EndProject
Project("{FAE04EC0-301F-11D3-BF4B-00C04F79EFBC}") = "Input", "Input\Input.csproj", "{8D6CCDB5-A9E8-4193-BFFC-E0BCA0F17655}"
EndProject
Project("{FAE04EC0-301F-11D3-BF4B-00C04F79EFBC}") = "Player", "Player\Player.csproj", "{845EE3AB-E02F-4371-B07E-4248B3E90951}"
EndProject
Project("{FAE04EC0-301F-11D3-BF4B-00C04F79EFBC}") = "Shaders", "Shaders\Shaders.csproj", "{E104E9EE-82BB-4C10-B914-F17994FECC64}"
EndProject
Project("{FAE04EC0-301F-11D3-BF4B-00C04F79EFBC}") = "Sky", "Sky\Sky.csproj", "{90ABA0C6-8DE5-4B7D-A07B-2FA4D76D6F74}"
EndProject
Project("{FAE04EC0-301F-11D3-BF4B-00C04F79EFBC}") = "Text", "Text\Text.csproj", "{BCE07ACC-EBD2-4F04-A0AC-8D0E29338F82}"
EndProject
Project("{FAE04EC0-301F-11D3-BF4B-00C04F79EFBC}") = "Water", "Water\Water.csproj", "{D1F12656-4A28-4126-B389-A9F7007B9A13}"
EndProject
Project("{FAE04EC0-301F-11D3-BF4B-00C04F79EFBC}") = "Terraform", "Terraform\Terraform.csproj", "{CBF2E277-3264-4B0A-964A-03930767AA3D}"
EndProject
Project("{FAE04EC0-301F-11D3-BF4B-00C04F79EFBC}") = "Entropy", "Entropy\Entropy.csproj", "{AC88CB91-B6B1-436C-9E87-7DC482C09633}"
EndProject
Global
	GlobalSection(SolutionConfigurationPlatforms) = preSolution
		Debug|Any CPU = Debug|Any CPU
		Release|Any CPU = Release|Any CPU
	EndGlobalSection
	GlobalSection(ProjectConfigurationPlatforms) = postSolution
		{A1163D2D-59A7-4B3E-9DBE-5DFE09E0A7F2}.Debug|Any CPU.ActiveCfg = Debug|Win32
		{A1163D2D-59A7-4B3E-9DBE-5DFE09E0A7F2}.Release|Any CPU.ActiveCfg = Release|Win32
		{965B6670-39EF-4FD1-A895-8BA8BB5E46EA}.Debug|Any CPU.ActiveCfg = Debug|Any CPU
		{965B6670-39EF-4FD1-A895-8BA8BB5E46EA}.Debug|Any CPU.Build.0 = Debug|Any CPU
		{965B6670-39EF-4FD1-A895-8BA8BB5E46EA}.Release|Any CPU.ActiveCfg = Release|Any CPU
		{965B6670-39EF-4FD1-A895-8BA8BB5E46EA}.Release|Any CPU.Build.0 = Release|Any CPU
		{7DD75DA0-F018-42D6-BF27-344CFB8DEB85}.Debug|Any CPU.ActiveCfg = Debug|Any CPU
		{7DD75DA0-F018-42D6-BF27-344CFB8DEB85}.Debug|Any CPU.Build.0 = Debug|Any CPU
		{7DD75DA0-F018-42D6-BF27-344CFB8DEB85}.Release|Any CPU.ActiveCfg = Release|Any CPU
		{7DD75DA0-F018-42D6-BF27-344CFB8DEB85}.Release|Any CPU.Build.0 = Release|Any CPU
		{889072AD-5C8D-47D9-8FEC-05A9EC728BE8}.Debug|Any CPU.ActiveCfg = Debug|Any CPU
		{889072AD-5C8D-47D9-8FEC-05A9EC728BE8}.Debug|Any CPU.Build.0 = Debug|Any CPU
		{889072AD-5C8D-47D9-8FEC-05A9EC728BE8}.Release|Any CPU.ActiveCfg = Release|Any CPU
		{889072AD-5C8D-47D9-8FEC-05A9EC728BE8}.Release|Any CPU.Build.0 = Release|Any CPU
		{F340B706-735D-42A1-8725-77C9D3ECDDD0}.Debug|Any CPU.ActiveCfg = Debug|Any CPU
		{F340B706-735D-42A1-8725-77C9D3ECDDD0}.Debug|Any CPU.Build.0 = Debug|Any CPU
		{F340B706-735D-42A1-8725-77C9D3ECDDD0}.Release|Any CPU.ActiveCfg = Release|Any CPU
		{F340B706-735D-42A1-8725-77C9D3ECDDD0}.Release|Any CPU.Build.0 = Release|Any CPU
		{E7E8ACA7-7647-4CDB-8167-7F88951E0D1F}.Debug|Any CPU.ActiveCfg = Debug|Any CPU
		{E7E8ACA7-7647-4CDB-8167-7F88951E0D1F}.Debug|Any CPU.Build.0 = Debug|Any CPU
		{E7E8ACA7-7647-4CDB-8167-7F88951E0D1F}.Release|Any CPU.ActiveCfg = Release|Any CPU
		{E7E8ACA7-7647-4CDB-8167-7F88951E0D1F}.Release|Any CPU.Build.0 = Release|Any CPU
		{0D73456A-0969-4FF6-96A2-9435074B9EB8}.Debug|Any CPU.ActiveCfg = Debug|Any CPU
		{0D73456A-0969-4FF6-96A2-9435074B9EB8}.Debug|Any CPU.Build.0 = Debug|Any CPU
		{0D73456A-0969-4FF6-96A2-9435074B9EB8}.Release|Any CPU.ActiveCfg = Release|Any CPU
		{0D73456A-0969-4FF6-96A2-9435074B9EB8}.Release|Any CPU.Build.0 = Release|Any CPU
		{312819A2-8006-477F-8C01-110E0F0BA40D}.Debug|Any CPU.ActiveCfg = Debug|Any CPU
		{312819A2-8006-477F-8C01-110E0F0BA40D}.Debug|Any CPU.Build.0 = Debug|Any CPU
		{312819A2-8006-477F-8C01-110E0F0BA40D}.Release|Any CPU.ActiveCfg = Release|Any CPU
		{312819A2-8006-477F-8C01-110E0F0BA40D}.Release|Any CPU.Build.0 = Release|Any CPU
		{3FBB802C-4BB1-43CE-AA2A-AA4AC993312B}.Debug|Any CPU.ActiveCfg = Debug|Any CPU
		{3FBB802C-4BB1-43CE-AA2A-AA4AC993312B}.Debug|Any CPU.Build.0 = Debug|Any CPU
		{3FBB802C-4BB1-43CE-AA2A-AA4AC993312B}.Release|Any CPU.ActiveCfg = Release|Any CPU
		{3FBB802C-4BB1-43CE-AA2A-AA4AC993312B}.Release|Any CPU.Build.0 = Release|Any CPU
		{690E5640-15E7-4EB0-8189-4735ED9D0D92}.Debug|Any CPU.ActiveCfg = Debug|Any CPU
		{690E5640-15E7-4EB0-8189-4735ED9D0D92}.Debug|Any CPU.Build.0 = Debug|Any CPU
		{690E5640-15E7-4EB0-8189-4735ED9D0D92}.Release|Any CPU.ActiveCfg = Release|Any CPU
		{690E5640-15E7-4EB0-8189-4735ED9D0D92}.Release|Any CPU.Build.0 = Release|Any CPU
		{808790F8-6668-4E82-A1E8-58D2E3E86B95}.Debug|Any CPU.ActiveCfg = Debug|Any CPU
		{808790F8-6668-4E82-A1E8-58D2E3E86B95}.Debug|Any CPU.Build.0 = Debug|Any CPU
		{808790F8-6668-4E82-A1E8-58D2E3E86B95}.Release|Any CPU.ActiveCfg = Release|Any CPU
		{808790F8-6668-4E82-A1E8-58D2E3E86B95}.Release|Any CPU.Build.0 = Release|Any CPU
		{7506EC32-6C01-46D1-A5F5-9D7632ED9150}.Debug|Any CPU.ActiveCfg = Debug|Any CPU
		{7506EC32-6C01-46D1-A5F5-9D7632ED9150}.Debug|Any CPU.Build.0 = Debug|Any CPU
		{7506EC32-6C01-46D1-A5F5-9D7632ED9150}.Release|Any CPU.ActiveCfg = Release|Any CPU
		{7506EC32-6C01-46D1-A5F5-9D7632ED9150}.Release|Any CPU.Build.0 = Release|Any CPU
		{C9FEFB99-9F98-4936-8A87-80FDFB21D97B}.Debug|Any CPU.ActiveCfg = Debug|Any CPU
		{C9FEFB99-9F98-4936-8A87-80FDFB21D97B}.Debug|Any CPU.Build.0 = Debug|Any CPU
		{C9FEFB99-9F98-4936-8A87-80FDFB21D97B}.Release|Any CPU.ActiveCfg = Release|Any CPU
		{C9FEFB99-9F98-4936-8A87-80FDFB21D97B}.Release|Any CPU.Build.0 = Release|Any CPU
		{F111EC33-2056-4692-A51B-75A6D61036BB}.Debug|Any CPU.ActiveCfg = Debug|Any CPU
		{F111EC33-2056-4692-A51B-75A6D61036BB}.Debug|Any CPU.Build.0 = Debug|Any CPU
		{F111EC33-2056-4692-A51B-75A6D61036BB}.Release|Any CPU.ActiveCfg = Release|Any CPU
		{F111EC33-2056-4692-A51B-75A6D61036BB}.Release|Any CPU.Build.0 = Release|Any CPU
		{1206EFA4-A726-4B8F-B1F3-4C98B6C4A9B3}.Debug|Any CPU.ActiveCfg = Debug|Any CPU
		{1206EFA4-A726-4B8F-B1F3-4C98B6C4A9B3}.Debug|Any CPU.Build.0 = Debug|Any CPU
		{1206EFA4-A726-4B8F-B1F3-4C98B6C4A9B3}.Release|Any CPU.ActiveCfg = Release|Any CPU
		{1206EFA4-A726-4B8F-B1F3-4C98B6C4A9B3}.Release|Any CPU.Build.0 = Release|Any CPU
		{6BAC02D6-267C-454F-9486-9FF79D302F48}.Debug|Any CPU.ActiveCfg = Debug|Any CPU
		{6BAC02D6-267C-454F-9486-9FF79D302F48}.Debug|Any CPU.Build.0 = Debug|Any CPU
		{6BAC02D6-267C-454F-9486-9FF79D302F48}.Release|Any CPU.ActiveCfg = Release|Any CPU
		{6BAC02D6-267C-454F-9486-9FF79D302F48}.Release|Any CPU.Build.0 = Release|Any CPU
		{8D6CCDB5-A9E8-4193-BFFC-E0BCA0F17655}.Debug|Any CPU.ActiveCfg = Debug|Any CPU
		{8D6CCDB5-A9E8-4193-BFFC-E0BCA0F17655}.Debug|Any CPU.Build.0 = Debug|Any CPU
		{8D6CCDB5-A9E8-4193-BFFC-E0BCA0F17655}.Release|Any CPU.ActiveCfg = Release|Any CPU
		{8D6CCDB5-A9E8-4193-BFFC-E0BCA0F17655}.Release|Any CPU.Build.0 = Release|Any CPU
		{845EE3AB-E02F-4371-B07E-4248B3E90951}.Debug|Any CPU.ActiveCfg = Debug|Any CPU
		{845EE3AB-E02F-4371-B07E-4248B3E90951}.Debug|Any CPU.Build.0 = Debug|Any CPU
		{845EE3AB-E02F-4371-B07E-4248B3E90951}.Release|Any CPU.ActiveCfg = Release|Any CPU
		{845EE3AB-E02F-4371-B07E-4248B3E90951}.Release|Any CPU.Build.0 = Release|Any CPU
		{E104E9EE-82BB-4C10-B914-F17994FECC64}.Debug|Any CPU.ActiveCfg = Debug|Any CPU
		{E104E9EE-82BB-4C10-B914-F17994FECC64}.Debug|Any CPU.Build.0 = Debug|Any CPU
		{E104E9EE-82BB-4C10-B914-F17994FECC64}.Release|Any CPU.ActiveCfg = Release|Any CPU
		{E104E9EE-82BB-4C10-B914-F17994FECC64}.Release|Any CPU.Build.0 = Release|Any CPU
		{90ABA0C6-8DE5-4B7D-A07B-2FA4D76D6F74}.Debug|Any CPU.ActiveCfg = Debug|Any CPU
		{90ABA0C6-8DE5-4B7D-A07B-2FA4D76D6F74}.Debug|Any CPU.Build.0 = Debug|Any CPU
		{90ABA0C6-8DE5-4B7D-A07B-2FA4D76D6F74}.Release|Any CPU.ActiveCfg = Release|Any CPU
		{90ABA0C6-8DE5-4B7D-A07B-2FA4D76D6F74}.Release|Any CPU.Build.0 = Release|Any CPU
		{BCE07ACC-EBD2-4F04-A0AC-8D0E29338F82}.Debug|Any CPU.ActiveCfg = Debug|Any CPU
		{BCE07ACC-EBD2-4F04-A0AC-8D0E29338F82}.Debug|Any CPU.Build.0 = Debug|Any CPU
		{BCE07ACC-EBD2-4F04-A0AC-8D0E29338F82}.Release|Any CPU.ActiveCfg = Release|Any CPU
		{BCE07ACC-EBD2-4F04-A0AC-8D0E29338F82}.Release|Any CPU.Build.0 = Release|Any CPU
		{D1F12656-4A28-4126-B389-A9F7007B9A13}.Debug|Any CPU.ActiveCfg = Debug|Any CPU
		{D1F12656-4A28-4126-B389-A9F7007B9A13}.Debug|Any CPU.Build.0 = Debug|Any CPU
		{D1F12656-4A28-4126-B389-A9F7007B9A13}.Release|Any CPU.ActiveCfg = Release|Any CPU
		{D1F12656-4A28-4126-B389-A9F7007B9A13}.Release|Any CPU.Build.0 = Release|Any CPU
		{CBF2E277-3264-4B0A-964A-03930767AA3D}.Debug|Any CPU.ActiveCfg = Debug|Any CPU
		{CBF2E277-3264-4B0A-964A-03930767AA3D}.Debug|Any CPU.Build.0 = Debug|Any CPU
		{CBF2E277-3264-4B0A-964A-03930767AA3D}.Release|Any CPU.ActiveCfg = Release|Any CPU
		{CBF2E277-3264-4B0A-964A-03930767AA3D}.Release|Any CPU.Build.0 = Release|Any CPU
		{AC88CB91-B6B1-436C-9E87-7DC482C09633}.Debug|Any CPU.ActiveCfg = Debug|Any CPU
		{AC88CB91-B6B1-436C-9E87-7DC482C09633}.Debug|Any CPU.Build.0 = Debug|Any CPU
		{AC88CB91-B6B1-436C-9E87-7DC482C09633}.Release|Any CPU.ActiveCfg = Release|Any CPU
		{AC88CB91-B6B1-436C-9E87-7DC482C09633}.Release|Any CPU.Build.0 = Release|Any CPU
	EndGlobalSection
	GlobalSection(SolutionProperties) = preSolution
		HideSolutionNode = FALSE
	EndGlobalSection
	GlobalSection(NestedProjects) = preSolution
		{965B6670-39EF-4FD1-A895-8BA8BB5E46EA} = {54C77D01-626C-4E5D-ABDE-D5C235E8C051}
		{7DD75DA0-F018-42D6-BF27-344CFB8DEB85} = {54C77D01-626C-4E5D-ABDE-D5C235E8C051}
		{889072AD-5C8D-47D9-8FEC-05A9EC728BE8} = {54C77D01-626C-4E5D-ABDE-D5C235E8C051}
		{F340B706-735D-42A1-8725-77C9D3ECDDD0} = {54C77D01-626C-4E5D-ABDE-D5C235E8C051}
		{E7E8ACA7-7647-4CDB-8167-7F88951E0D1F} = {54C77D01-626C-4E5D-ABDE-D5C235E8C051}
		{0D73456A-0969-4FF6-96A2-9435074B9EB8} = {54C77D01-626C-4E5D-ABDE-D5C235E8C051}
		{312819A2-8006-477F-8C01-110E0F0BA40D} = {54C77D01-626C-4E5D-ABDE-D5C235E8C051}
		{3FBB802C-4BB1-43CE-AA2A-AA4AC993312B} = {54C77D01-626C-4E5D-ABDE-D5C235E8C051}
		{690E5640-15E7-4EB0-8189-4735ED9D0D92} = {54C77D01-626C-4E5D-ABDE-D5C235E8C051}
		{808790F8-6668-4E82-A1E8-58D2E3E86B95} = {54C77D01-626C-4E5D-ABDE-D5C235E8C051}
		{7506EC32-6C01-46D1-A5F5-9D7632ED9150} = {54C77D01-626C-4E5D-ABDE-D5C235E8C051}
		{C9FEFB99-9F98-4936-8A87-80FDFB21D97B} = {54C77D01-626C-4E5D-ABDE-D5C235E8C051}
		{F111EC33-2056-4692-A51B-75A6D61036BB} = {54C77D01-626C-4E5D-ABDE-D5C235E8C051}
		{1206EFA4-A726-4B8F-B1F3-4C98B6C4A9B3} = {54C77D01-626C-4E5D-ABDE-D5C235E8C051}
		{6BAC02D6-267C-454F-9486-9FF79D302F48} = {54C77D01-626C-4E5D-ABDE-D5C235E8C051}
		{8D6CCDB5-A9E8-4193-BFFC-E0BCA0F17655} = {54C77D01-626C-4E5D-ABDE-D5C235E8C051}
		{845EE3AB-E02F-4371-B07E-4248B3E90951} = {54C77D01-626C-4E5D-ABDE-D5C235E8C051}
		{E104E9EE-82BB-4C10-B914-F17994FECC64} = {54C77D01-626C-4E5D-ABDE-D5C235E8C051}
		{90ABA0C6-8DE5-4B7D-A07B-2FA4D76D6F74} = {54C77D01-626C-4E5D-ABDE-D5C235E8C051}
		{BCE07ACC-EBD2-4F04-A0AC-8D0E29338F82} = {54C77D01-626C-4E5D-ABDE-D5C235E8C051}
		{D1F12656-4A28-4126-B389-A9F7007B9A13} = {54C77D01-626C-4E5D-ABDE-D5C235E8C051}
		{CBF2E277-3264-4B0A-964A-03930767AA3D} = {54C77D01-626C-4E5D-ABDE-D5C235E8C051}
		{AC88CB91-B6B1-436C-9E87-7DC482C09633} = {54C77D01-626C-4E5D-ABDE-D5C235E8C051}
	EndGlobalSection
	GlobalSection(ExtensibilityGlobals) = postSolution
		SolutionGuid = {08808509-49B1-43FB-BA2C-A64408BB2996}
	EndGlobalSection
EndGlobal
